
Microsoft Visual Studio Solution File, Format Version 12.00
# Visual Studio Version 16
VisualStudioVersion = 16.0.31729.503
MinimumVisualStudioVersion = 10.0.40219.1
Project("{FAE04EC0-301F-11D3-BF4B-00C04F79EFBC}") = "DataBase_ADO5", "DataBase_ADO5\DataBase_ADO5.csproj", "{792A71F6-21F2-42DE-8702-AF51B1D89D89}"
EndProject
Global
	GlobalSection(SolutionConfigurationPlatforms) = preSolution
		Debug|Any CPU = Debug|Any CPU
		Release|Any CPU = Release|Any CPU
	EndGlobalSection
	GlobalSection(ProjectConfigurationPlatforms) = postSolution
		{792A71F6-21F2-42DE-8702-AF51B1D89D89}.Debug|Any CPU.ActiveCfg = Debug|Any CPU
		{792A71F6-21F2-42DE-8702-AF51B1D89D89}.Debug|Any CPU.Build.0 = Debug|Any CPU
		{792A71F6-21F2-42DE-8702-AF51B1D89D89}.Release|Any CPU.ActiveCfg = Release|Any CPU
		{792A71F6-21F2-42DE-8702-AF51B1D89D89}.Release|Any CPU.Build.0 = Release|Any CPU
	EndGlobalSection
	GlobalSection(SolutionProperties) = preSolution
		HideSolutionNode = FALSE
	EndGlobalSection
	GlobalSection(ExtensibilityGlobals) = postSolution
		SolutionGuid = {CA591CE2-A0AE-48E3-880B-BAEAAF60DA20}
	EndGlobalSection
EndGlobal
